
Microsoft Visual Studio Solution File, Format Version 12.00
# Visual Studio Version 17
VisualStudioVersion = 17.8.34330.188
MinimumVisualStudioVersion = 10.0.40219.1
Project("{FAE04EC0-301F-11D3-BF4B-00C04F79EFBC}") = "TestGitIgnore", "TestGitIgnore.csproj", "{82371E40-FA56-4586-BB76-3A0F3E049686}"
EndProject
Global
	GlobalSection(SolutionConfigurationPlatforms) = preSolution
		Debug|Any CPU = Debug|Any CPU
		Release|Any CPU = Release|Any CPU
	EndGlobalSection
	GlobalSection(ProjectConfigurationPlatforms) = postSolution
		{82371E40-FA56-4586-BB76-3A0F3E049686}.Debug|Any CPU.ActiveCfg = Debug|Any CPU
		{82371E40-FA56-4586-BB76-3A0F3E049686}.Debug|Any CPU.Build.0 = Debug|Any CPU
		{82371E40-FA56-4586-BB76-3A0F3E049686}.Release|Any CPU.ActiveCfg = Release|Any CPU
		{82371E40-FA56-4586-BB76-3A0F3E049686}.Release|Any CPU.Build.0 = Release|Any CPU
	EndGlobalSection
	GlobalSection(SolutionProperties) = preSolution
		HideSolutionNode = FALSE
	EndGlobalSection
	GlobalSection(ExtensibilityGlobals) = postSolution
		SolutionGuid = {CA9DF1C3-198C-4AF0-AA01-60D05C359DA6}
	EndGlobalSection
EndGlobal
